{
  "object": {
    "pins": [
      {
        "package": "Bitmap",
        "repositoryURL": "https://github.com/dagronf/Bitmap",
        "state": {
          "branch": null,
          "revision": "1d5d7042f2939f3ffa84a3ab29f41f762ff42cd3",
          "version": "1.4.0"
        }
      },
      {
        "package": "SwiftImageReadWrite",
        "repositoryURL": "https://github.com/dagronf/SwiftImageReadWrite",
        "state": {
          "branch": null,
          "revision": "42ace2412279f18bc264bc306e96b51c36e12a33",
          "version": "1.9.2"
        }
      }
    ]
  },
  "version": 1
}
